
Microsoft Visual Studio Solution File, Format Version 12.00
# Visual Studio 15
VisualStudioVersion = 15.0.28307.645
MinimumVisualStudioVersion = 10.0.40219.1
Project("{FAE04EC0-301F-11D3-BF4B-00C04F79EFBC}") = "WindowsFormsApp1", "WindowsFormsApp1\WindowsFormsApp1.csproj", "{A152DBB0-E250-4505-90BE-8231313EDEC8}"
EndProject
Global
	GlobalSection(SolutionConfigurationPlatforms) = preSolution
		Debug|Any CPU = Debug|Any CPU
		Release|Any CPU = Release|Any CPU
	EndGlobalSection
	GlobalSection(ProjectConfigurationPlatforms) = postSolution
		{A152DBB0-E250-4505-90BE-8231313EDEC8}.Debug|Any CPU.ActiveCfg = Debug|Any CPU
		{A152DBB0-E250-4505-90BE-8231313EDEC8}.Debug|Any CPU.Build.0 = Debug|Any CPU
		{A152DBB0-E250-4505-90BE-8231313EDEC8}.Release|Any CPU.ActiveCfg = Release|Any CPU
		{A152DBB0-E250-4505-90BE-8231313EDEC8}.Release|Any CPU.Build.0 = Release|Any CPU
	EndGlobalSection
	GlobalSection(SolutionProperties) = preSolution
		HideSolutionNode = FALSE
	EndGlobalSection
	GlobalSection(ExtensibilityGlobals) = postSolution
		SolutionGuid = {F42A3126-684D-46ED-A0BD-C73CB14426CA}
	EndGlobalSection
EndGlobal
